
Microsoft Visual Studio Solution File, Format Version 12.00
# Visual Studio Version 17
VisualStudioVersion = 17.5.33530.505
MinimumVisualStudioVersion = 10.0.40219.1
Project("{FAE04EC0-301F-11D3-BF4B-00C04F79EFBC}") = "MathQuiz", "MathQuiz\MathQuiz.csproj", "{D7EA53D1-3BDB-49A5-8930-1CA7F64B15F7}"
EndProject
Global
	GlobalSection(SolutionConfigurationPlatforms) = preSolution
		Debug|Any CPU = Debug|Any CPU
		Release|Any CPU = Release|Any CPU
	EndGlobalSection
	GlobalSection(ProjectConfigurationPlatforms) = postSolution
		{D7EA53D1-3BDB-49A5-8930-1CA7F64B15F7}.Debug|Any CPU.ActiveCfg = Debug|Any CPU
		{D7EA53D1-3BDB-49A5-8930-1CA7F64B15F7}.Debug|Any CPU.Build.0 = Debug|Any CPU
		{D7EA53D1-3BDB-49A5-8930-1CA7F64B15F7}.Release|Any CPU.ActiveCfg = Release|Any CPU
		{D7EA53D1-3BDB-49A5-8930-1CA7F64B15F7}.Release|Any CPU.Build.0 = Release|Any CPU
	EndGlobalSection
	GlobalSection(SolutionProperties) = preSolution
		HideSolutionNode = FALSE
	EndGlobalSection
	GlobalSection(ExtensibilityGlobals) = postSolution
		SolutionGuid = {90E0D38A-4D55-417B-85E9-E822A10926D1}
	EndGlobalSection
EndGlobal
